<?xml version="1.0" encoding="utf-8"?>
<Project ToolsVersion="4.0" xmlns="http://schemas.microsoft.com/developer/msbuild/2003">
  <ItemGroup>
    <Filter Include="源文件">
      <UniqueIdentifier>{4FC737F1-C7A5-4376-A066-2A32D752A2FF}</UniqueIdentifier>
      <Extensions>cpp;c;cc;cxx;c++;cppm;ixx;def;odl;idl;hpj;bat;asm;asmx</Extensions>
    </Filter>
    <Filter Include="头文件">
      <UniqueIdentifier>{93995380-89BD-4b04-88EB-625FBE52EBFB}</UniqueIdentifier>
      <Extensions>h;hh;hpp;hxx;h++;hm;inl;inc;ipp;xsd</Extensions>
    </Filter>
    <Filter Include="资源文件">
      <UniqueIdentifier>{67DA6AB6-F800-4c08-8B7A-83BB121AAD01}</UniqueIdentifier>
      <Extensions>rc;ico;cur;bmp;dlg;rc2;rct;bin;rgs;gif;jpg;jpeg;jpe;resx;tiff;tif;png;wav;mfcribbon-ms</Extensions>
    </Filter>
  </ItemGroup>
  <ItemGroup>
    <ClCompile Include="Floyd.cpp">
      <Filter>源文件</Filter>
    </ClCompile>
    <ClCompile Include="全排列.cpp">
      <Filter>源文件</Filter>
    </ClCompile>
    <ClCompile Include="背包问题.cpp">
      <Filter>源文件</Filter>
    </ClCompile>
    <ClCompile Include="二重背包问题.cpp">
      <Filter>源文件</Filter>
    </ClCompile>
    <ClCompile Include="kmp.cpp">
      <Filter>源文件</Filter>
    </ClCompile>
    <ClCompile Include="最短路径dijkstra（无负权图，矩阵）.cpp">
      <Filter>源文件</Filter>
    </ClCompile>
    <ClCompile Include="最短路径dijkstra堆优化，链表.cpp">
      <Filter>源文件</Filter>
    </ClCompile>
    <ClCompile Include="线段树.cpp">
      <Filter>源文件</Filter>
    </ClCompile>
    <ClCompile Include="最短路径spfa（单源，有负权图）.cpp">
      <Filter>源文件</Filter>
    </ClCompile>
    <ClCompile Include="差分.cpp">
      <Filter>源文件</Filter>
    </ClCompile>
    <ClCompile Include="前缀和.cpp">
      <Filter>源文件</Filter>
    </ClCompile>
    <ClCompile Include="高精度.cpp">
      <Filter>源文件</Filter>
    </ClCompile>
    <ClCompile Include="拓补排序（可以判断有无环，边）.cpp">
      <Filter>源文件</Filter>
    </ClCompile>
    <ClCompile Include="质数筛.cpp">
      <Filter>源文件</Filter>
    </ClCompile>
    <ClCompile Include="我赌你的枪里没有子弹.cpp">
      <Filter>源文件</Filter>
    </ClCompile>
    <ClCompile Include="圆桌报数.cpp">
      <Filter>源文件</Filter>
    </ClCompile>
    <ClCompile Include="进制转换.cpp">
      <Filter>源文件</Filter>
    </ClCompile>
    <ClCompile Include="表达式计算.cpp">
      <Filter>源文件</Filter>
    </ClCompile>
    <ClCompile Include="快速幂.cpp">
      <Filter>源文件</Filter>
    </ClCompile>
    <ClCompile Include="并查集.cpp">
      <Filter>源文件</Filter>
    </ClCompile>
    <ClCompile Include="最小生成树prim（边多）.cpp">
      <Filter>源文件</Filter>
    </ClCompile>
    <ClCompile Include="最小生成树kruskal并查集（边少）.cpp">
      <Filter>源文件</Filter>
    </ClCompile>
    <ClCompile Include="未完成拓扑排序（边，有向无环，可以判断是否有环）.cpp">
      <Filter>源文件</Filter>
    </ClCompile>
    <ClCompile Include="最大可能整数.cpp">
      <Filter>源文件</Filter>
    </ClCompile>
    <ClCompile Include="迷宫dfs.cpp">
      <Filter>源文件</Filter>
    </ClCompile>
    <ClCompile Include="n皇后.cpp">
      <Filter>源文件</Filter>
    </ClCompile>
    <ClCompile Include="源.cpp">
      <Filter>源文件</Filter>
    </ClCompile>
    <ClCompile Include="摆动序列.cpp">
      <Filter>源文件</Filter>
    </ClCompile>
    <ClCompile Include="排序.cpp">
      <Filter>源文件</Filter>
    </ClCompile>
    <ClCompile Include="GCD.cpp">
      <Filter>源文件</Filter>
    </ClCompile>
  </ItemGroup>
  <ItemGroup>
    <None Include="最短路径bellman%28单源有负权，推荐spfa）.cpp">
      <Filter>源文件</Filter>
    </None>
    <None Include="堆排序.cpp">
      <Filter>源文件</Filter>
    </None>
  </ItemGroup>
</Project>