
Microsoft Visual Studio Solution File, Format Version 12.00
# Visual Studio Version 16
VisualStudioVersion = 16.0.31624.102
MinimumVisualStudioVersion = 10.0.40219.1
Project("{8BC9CEB8-8B4A-11D0-8D11-00A0C91BC942}") = "cf753d3", "cf753d3.vcxproj", "{FA2B09C7-B94A-4C86-958B-AE2F62AC2A4F}"
EndProject
Global
	GlobalSection(SolutionConfigurationPlatforms) = preSolution
		Debug|x64 = Debug|x64
		Debug|x86 = Debug|x86
		Release|x64 = Release|x64
		Release|x86 = Release|x86
	EndGlobalSection
	GlobalSection(ProjectConfigurationPlatforms) = postSolution
		{FA2B09C7-B94A-4C86-958B-AE2F62AC2A4F}.Debug|x64.ActiveCfg = Debug|x64
		{FA2B09C7-B94A-4C86-958B-AE2F62AC2A4F}.Debug|x64.Build.0 = Debug|x64
		{FA2B09C7-B94A-4C86-958B-AE2F62AC2A4F}.Debug|x86.ActiveCfg = Debug|Win32
		{FA2B09C7-B94A-4C86-958B-AE2F62AC2A4F}.Debug|x86.Build.0 = Debug|Win32
		{FA2B09C7-B94A-4C86-958B-AE2F62AC2A4F}.Release|x64.ActiveCfg = Release|x64
		{FA2B09C7-B94A-4C86-958B-AE2F62AC2A4F}.Release|x64.Build.0 = Release|x64
		{FA2B09C7-B94A-4C86-958B-AE2F62AC2A4F}.Release|x86.ActiveCfg = Release|Win32
		{FA2B09C7-B94A-4C86-958B-AE2F62AC2A4F}.Release|x86.Build.0 = Release|Win32
	EndGlobalSection
	GlobalSection(SolutionProperties) = preSolution
		HideSolutionNode = FALSE
	EndGlobalSection
	GlobalSection(ExtensibilityGlobals) = postSolution
		SolutionGuid = {B7E41922-8E60-4345-A764-769533508DF5}
	EndGlobalSection
EndGlobal
